{
  "name": "esm",
  "version": "0.0.0",
  "lockfileVersion": 3,
  "requires": true,
  "packages": {
    "": {
      "name": "esm",
      "version": "0.0.0",
      "dependencies": {
        "subtrace": "file:../../"
      }
    },
    "node_modules/subtrace": {
      "version": "0.0.0",
      "resolved": "file:../..",
      "hasInstallScript": true
    }
  }
}
