{
  "name": "express_server",
  "version": "1.0.0",
  "lockfileVersion": 3,
  "requires": true,
  "packages": {
    "": {
      "name": "express_server",
      "version": "1.0.0",
      "license": "ISC",
      "dependencies": {
        "subtrace": "file:/../.."
      }
    },
    "../..": {
      "name": "subtrace",
      "version": "0.0.1",
      "hasInstallScript": true,
      "devDependencies": {
        "express": "4.21.2"
      }
    },
    "node_modules/subtrace": {
      "resolved": "../..",
      "link": true
    }
  }
}
